// !$*UTF8*$!
{
	archiveVersion = 1;
	classes = {
	};
	objectVersion = 55;
	objects = {

/* Begin PBXBuildFile section */
		3F34C246280E04B600F30ADF /* roomEscapeApp.swift in Sources */ = {isa = PBXBuildFile; fileRef = 3F34C245280E04B600F30ADF /* roomEscapeApp.swift */; };
		3F34C248280E04B600F30ADF /* ContentView.swift in Sources */ = {isa = PBXBuildFile; fileRef = 3F34C247280E04B600F30ADF /* ContentView.swift */; };
		3F34C24A280E04BA00F30ADF /* Assets.xcassets in Resources */ = {isa = PBXBuildFile; fileRef = 3F34C249280E04BA00F30ADF /* Assets.xcassets */; };
		3F34C24D280E04BA00F30ADF /* Preview Assets.xcassets in Resources */ = {isa = PBXBuildFile; fileRef = 3F34C24C280E04BA00F30ADF /* Preview Assets.xcassets */; };
		3F34C258280E066300F30ADF /* firstRoom.swift in Sources */ = {isa = PBXBuildFile; fileRef = 3F34C257280E066300F30ADF /* firstRoom.swift */; };
		3F34C25A281DA9DB00F30ADF /* brassTalk.swift in Sources */ = {isa = PBXBuildFile; fileRef = 3F34C259281DA9DB00F30ADF /* brassTalk.swift */; };
		B5ED0BAB281F389A0045B463 /* duckEnding.swift in Sources */ = {isa = PBXBuildFile; fileRef = B5ED0BAA281F389A0045B463 /* duckEnding.swift */; };
		B5ED0BAD281F5DB50045B463 /* evictionEnd.swift in Sources */ = {isa = PBXBuildFile; fileRef = B5ED0BAC281F5DB50045B463 /* evictionEnd.swift */; };
/* End PBXBuildFile section */

/* Begin PBXFileReference section */
		3F34C242280E04B600F30ADF /* roomEscape.app */ = {isa = PBXFileReference; explicitFileType = wrapper.application; includeInIndex = 0; path = roomEscape.app; sourceTree = BUILT_PRODUCTS_DIR; };
		3F34C245280E04B600F30ADF /* roomEscapeApp.swift */ = {isa = PBXFileReference; lastKnownFileType = sourcecode.swift; path = roomEscapeApp.swift; sourceTree = "<group>"; };
		3F34C247280E04B600F30ADF /* ContentView.swift */ = {isa = PBXFileReference; lastKnownFileType = sourcecode.swift; path = ContentView.swift; sourceTree = "<group>"; };
		3F34C249280E04BA00F30ADF /* Assets.xcassets */ = {isa = PBXFileReference; lastKnownFileType = folder.assetcatalog; path = Assets.xcassets; sourceTree = "<group>"; };
		3F34C24C280E04BA00F30ADF /* Preview Assets.xcassets */ = {isa = PBXFileReference; lastKnownFileType = folder.assetcatalog; path = "Preview Assets.xcassets"; sourceTree = "<group>"; };
		3F34C257280E066300F30ADF /* firstRoom.swift */ = {isa = PBXFileReference; lastKnownFileType = sourcecode.swift; path = firstRoom.swift; sourceTree = "<group>"; };
		3F34C259281DA9DB00F30ADF /* brassTalk.swift */ = {isa = PBXFileReference; lastKnownFileType = sourcecode.swift; path = brassTalk.swift; sourceTree = "<group>"; };
		B5ED0BAA281F389A0045B463 /* duckEnding.swift */ = {isa = PBXFileReference; lastKnownFileType = sourcecode.swift; path = duckEnding.swift; sourceTree = "<group>"; };
		B5ED0BAC281F5DB50045B463 /* evictionEnd.swift */ = {isa = PBXFileReference; lastKnownFileType = sourcecode.swift; path = evictionEnd.swift; sourceTree = "<group>"; };
/* End PBXFileReference section */

/* Begin PBXFrameworksBuildPhase section */
		3F34C23F280E04B600F30ADF /* Frameworks */ = {
			isa = PBXFrameworksBuildPhase;
			buildActionMask = 2147483647;
			files = (
			);
			runOnlyForDeploymentPostprocessing = 0;
		};
/* End PBXFrameworksBuildPhase section */

/* Begin PBXGroup section */
		3F34C239280E04B600F30ADF = {
			isa = PBXGroup;
			children = (
				3F34C244280E04B600F30ADF /* roomEscape */,
				3F34C243280E04B600F30ADF /* Products */,
			);
			sourceTree = "<group>";
		};
		3F34C243280E04B600F30ADF /* Products */ = {
			isa = PBXGroup;
			children = (
				3F34C242280E04B600F30ADF /* roomEscape.app */,
			);
			name = Products;
			sourceTree = "<group>";
		};
		3F34C244280E04B600F30ADF /* roomEscape */ = {
			isa = PBXGroup;
			children = (
				B5ED0BAC281F5DB50045B463 /* evictionEnd.swift */,
				B5ED0BAA281F389A0045B463 /* duckEnding.swift */,
				3F34C259281DA9DB00F30ADF /* brassTalk.swift */,
				3F34C257280E066300F30ADF /* firstRoom.swift */,
				3F34C245280E04B600F30ADF /* roomEscapeApp.swift */,
				3F34C247280E04B600F30ADF /* ContentView.swift */,
				3F34C249280E04BA00F30ADF /* Assets.xcassets */,
				3F34C24B280E04BA00F30ADF /* Preview Content */,
			);
			path = roomEscape;
			sourceTree = "<group>";
		};
		3F34C24B280E04BA00F30ADF /* Preview Content */ = {
			isa = PBXGroup;
			children = (
				3F34C24C280E04BA00F30ADF /* Preview Assets.xcassets */,
			);
			path = "Preview Content";
			sourceTree = "<group>";
		};
/* End PBXGroup section */

/* Begin PBXNativeTarget section */
		3F34C241280E04B600F30ADF /* roomEscape */ = {
			isa = PBXNativeTarget;
			buildConfigurationList = 3F34C250280E04BA00F30ADF /* Build configuration list for PBXNativeTarget "roomEscape" */;
			buildPhases = (
				3F34C23E280E04B600F30ADF /* Sources */,
				3F34C23F280E04B600F30ADF /* Frameworks */,
				3F34C240280E04B600F30ADF /* Resources */,
			);
			buildRules = (
			);
			dependencies = (
			);
			name = roomEscape;
			productName = roomEscape;
			productReference = 3F34C242280E04B600F30ADF /* roomEscape.app */;
			productType = "com.apple.product-type.application";
		};
/* End PBXNativeTarget section */

/* Begin PBXProject section */
		3F34C23A280E04B600F30ADF /* Project object */ = {
			isa = PBXProject;
			attributes = {
				BuildIndependentTargetsInParallel = 1;
				LastSwiftUpdateCheck = 1320;
				LastUpgradeCheck = 1320;
				TargetAttributes = {
					3F34C241280E04B600F30ADF = {
						CreatedOnToolsVersion = 13.2.1;
					};
				};
			};
			buildConfigurationList = 3F34C23D280E04B600F30ADF /* Build configuration list for PBXProject "roomEscape" */;
			compatibilityVersion = "Xcode 13.0";
			developmentRegion = en;
			hasScannedForEncodings = 0;
			knownRegions = (
				en,
				Base,
			);
			mainGroup = 3F34C239280E04B600F30ADF;
			productRefGroup = 3F34C243280E04B600F30ADF /* Products */;
			projectDirPath = "";
			projectRoot = "";
			targets = (
				3F34C241280E04B600F30ADF /* roomEscape */,
			);
		};
/* End PBXProject section */

/* Begin PBXResourcesBuildPhase section */
		3F34C240280E04B600F30ADF /* Resources */ = {
			isa = PBXResourcesBuildPhase;
			buildActionMask = 2147483647;
			files = (
				3F34C24D280E04BA00F30ADF /* Preview Assets.xcassets in Resources */,
				3F34C24A280E04BA00F30ADF /* Assets.xcassets in Resources */,
			);
			runOnlyForDeploymentPostprocessing = 0;
		};
/* End PBXResourcesBuildPhase section */

/* Begin PBXSourcesBuildPhase section */
		3F34C23E280E04B600F30ADF /* Sources */ = {
			isa = PBXSourcesBuildPhase;
			buildActionMask = 2147483647;
			files = (
				3F34C258280E066300F30ADF /* firstRoom.swift in Sources */,
				3F34C25A281DA9DB00F30ADF /* brassTalk.swift in Sources */,
				3F34C248280E04B600F30ADF /* ContentView.swift in Sources */,
				3F34C246280E04B600F30ADF /* roomEscapeApp.swift in Sources */,
				B5ED0BAD281F5DB50045B463 /* evictionEnd.swift in Sources */,
				B5ED0BAB281F389A0045B463 /* duckEnding.swift in Sources */,
			);
			runOnlyForDeploymentPostprocessing = 0;
		};
/* End PBXSourcesBuildPhase section */

/* Begin XCBuildConfiguration section */
		3F34C24E280E04BA00F30ADF /* Debug */ = {
			isa = XCBuildConfiguration;
			buildSettings = {
				ALWAYS_SEARCH_USER_PATHS = NO;
				CLANG_ANALYZER_NONNULL = YES;
				CLANG_ANALYZER_NUMBER_OBJECT_CONVERSION = YES_AGGRESSIVE;
				CLANG_CXX_LANGUAGE_STANDARD = "gnu++17";
				CLANG_CXX_LIBRARY = "libc++";
				CLANG_ENABLE_MODULES = YES;
				CLANG_ENABLE_OBJC_ARC = YES;
				CLANG_ENABLE_OBJC_WEAK = YES;
				CLANG_WARN_BLOCK_CAPTURE_AUTORELEASING = YES;
				CLANG_WARN_BOOL_CONVERSION = YES;
				CLANG_WARN_COMMA = YES;
				CLANG_WARN_CONSTANT_CONVERSION = YES;
				CLANG_WARN_DEPRECATED_OBJC_IMPLEMENTATIONS = YES;
				CLANG_WARN_DIRECT_OBJC_ISA_USAGE = YES_ERROR;
				CLANG_WARN_DOCUMENTATION_COMMENTS = YES;
				CLANG_WARN_EMPTY_BODY = YES;
				CLANG_WARN_ENUM_CONVERSION = YES;
				CLANG_WARN_INFINITE_RECURSION = YES;
				CLANG_WARN_INT_CONVERSION = YES;
				CLANG_WARN_NON_LITERAL_NULL_CONVERSION = YES;
				CLANG_WARN_OBJC_IMPLICIT_RETAIN_SELF = YES;
				CLANG_WARN_OBJC_LITERAL_CONVERSION = YES;
				CLANG_WARN_OBJC_ROOT_CLASS = YES_ERROR;
				CLANG_WARN_QUOTED_INCLUDE_IN_FRAMEWORK_HEADER = YES;
				CLANG_WARN_RANGE_LOOP_ANALYSIS = YES;
				CLANG_WARN_STRICT_PROTOTYPES = YES;
				CLANG_WARN_SUSPICIOUS_MOVE = YES;
				CLANG_WARN_UNGUARDED_AVAILABILITY = YES_AGGRESSIVE;
				CLANG_WARN_UNREACHABLE_CODE = YES;
				CLANG_WARN__DUPLICATE_METHOD_MATCH = YES;
				COPY_PHASE_STRIP = NO;
				DEBUG_INFORMATION_FORMAT = dwarf;
				ENABLE_STRICT_OBJC_MSGSEND = YES;
				ENABLE_TESTABILITY = YES;
				GCC_C_LANGUAGE_STANDARD = gnu11;
				GCC_DYNAMIC_NO_PIC = NO;
				GCC_NO_COMMON_BLOCKS = YES;
				GCC_OPTIMIZATION_LEVEL = 0;
				GCC_PREPROCESSOR_DEFINITIONS = (
					"DEBUG=1",
					"$(inherited)",
				);
				GCC_WARN_64_TO_32_BIT_CONVERSION = YES;
				GCC_WARN_ABOUT_RETURN_TYPE = YES_ERROR;
				GCC_WARN_UNDECLARED_SELECTOR = YES;
				GCC_WARN_UNINITIALIZED_AUTOS = YES_AGGRESSIVE;
				GCC_WARN_UNUSED_FUNCTION = YES;
				GCC_WARN_UNUSED_VARIABLE = YES;
				IPHONEOS_DEPLOYMENT_TARGET = 15.2;
				MTL_ENABLE_DEBUG_INFO = INCLUDE_SOURCE;
				MTL_FAST_MATH = YES;
				ONLY_ACTIVE_ARCH = YES;
				SDKROOT = iphoneos;
				SWIFT_ACTIVE_COMPILATION_CONDITIONS = DEBUG;
				SWIFT_OPTIMIZATION_LEVEL = "-Onone";
			};
			name = Debug;
		};
		3F34C24F280E04BA00F30ADF /* Release */ = {
			isa = XCBuildConfiguration;
			buildSettings = {
				ALWAYS_SEARCH_USER_PATHS = NO;
				CLANG_ANALYZER_NONNULL = YES;
				CLANG_ANALYZER_NUMBER_OBJECT_CONVERSION = YES_AGGRESSIVE;
				CLANG_CXX_LANGUAGE_STANDARD = "gnu++17";
				CLANG_CXX_LIBRARY = "libc++";
				CLANG_ENABLE_MODULES = YES;
				CLANG_ENABLE_OBJC_ARC = YES;
				CLANG_ENABLE_OBJC_WEAK = YES;
				CLANG_WARN_BLOCK_CAPTURE_AUTORELEASING = YES;
				CLANG_WARN_BOOL_CONVERSION = YES;
				CLANG_WARN_COMMA = YES;
				CLANG_WARN_CONSTANT_CONVERSION = YES;
				CLANG_WARN_DEPRECATED_OBJC_IMPLEMENTATIONS = YES;
				CLANG_WARN_DIRECT_OBJC_ISA_USAGE = YES_ERROR;
				CLANG_WARN_DOCUMENTATION_COMMENTS = YES;
				CLANG_WARN_EMPTY_BODY = YES;
				CLANG_WARN_ENUM_CONVERSION = YES;
				CLANG_WARN_INFINITE_RECURSION = YES;
				CLANG_WARN_INT_CONVERSION = YES;
				CLANG_WARN_NON_LITERAL_NULL_CONVERSION = YES;
				CLANG_WARN_OBJC_IMPLICIT_RETAIN_SELF = YES;
				CLANG_WARN_OBJC_LITERAL_CONVERSION = YES;
				CLANG_WARN_OBJC_ROOT_CLASS = YES_ERROR;
				CLANG_WARN_QUOTED_INCLUDE_IN_FRAMEWORK_HEADER = YES;
				CLANG_WARN_RANGE_LOOP_ANALYSIS = YES;
				CLANG_WARN_STRICT_PROTOTYPES = YES;
				CLANG_WARN_SUSPICIOUS_MOVE = YES;
				CLANG_WARN_UNGUARDED_AVAILABILITY = YES_AGGRESSIVE;
				CLANG_WARN_UNREACHABLE_CODE = YES;
				CLANG_WARN__DUPLICATE_METHOD_MATCH = YES;
				COPY_PHASE_STRIP = NO;
				DEBUG_INFORMATION_FORMAT = "dwarf-with-dsym";
				ENABLE_NS_ASSERTIONS = NO;
				ENABLE_STRICT_OBJC_MSGSEND = YES;
				GCC_C_LANGUAGE_STANDARD = gnu11;
				GCC_NO_COMMON_BLOCKS = YES;
				GCC_WARN_64_TO_32_BIT_CONVERSION = YES;
				GCC_WARN_ABOUT_RETURN_TYPE = YES_ERROR;
				GCC_WARN_UNDECLARED_SELECTOR = YES;
				GCC_WARN_UNINITIALIZED_AUTOS = YES_AGGRESSIVE;
				GCC_WARN_UNUSED_FUNCTION = YES;
				GCC_WARN_UNUSED_VARIABLE = YES;
				IPHONEOS_DEPLOYMENT_TARGET = 15.2;
				MTL_ENABLE_DEBUG_INFO = NO;
				MTL_FAST_MATH = YES;
				SDKROOT = iphoneos;
				SWIFT_COMPILATION_MODE = wholemodule;
				SWIFT_OPTIMIZATION_LEVEL = "-O";
				VALIDATE_PRODUCT = YES;
			};
			name = Release;
		};
		3F34C251280E04BA00F30ADF /* Debug */ = {
			isa = XCBuildConfiguration;
			buildSettings = {
				ASSETCATALOG_COMPILER_APPICON_NAME = AppIcon;
				ASSETCATALOG_COMPILER_GLOBAL_ACCENT_COLOR_NAME = AccentColor;
				CODE_SIGN_STYLE = Automatic;
				CURRENT_PROJECT_VERSION = 1;
				DEVELOPMENT_ASSET_PATHS = "\"roomEscape/Preview Content\"";
				DEVELOPMENT_TEAM = Q6894T7D57;
				ENABLE_PREVIEWS = YES;
				GENERATE_INFOPLIST_FILE = YES;
				INFOPLIST_KEY_UIApplicationSceneManifest_Generation = YES;
				INFOPLIST_KEY_UIApplicationSupportsIndirectInputEvents = YES;
				INFOPLIST_KEY_UILaunchScreen_Generation = YES;
				INFOPLIST_KEY_UISupportedInterfaceOrientations_iPad = "UIInterfaceOrientationPortrait UIInterfaceOrientationPortraitUpsideDown UIInterfaceOrientationLandscapeLeft UIInterfaceOrientationLandscapeRight";
				INFOPLIST_KEY_UISupportedInterfaceOrientations_iPhone = "UIInterfaceOrientationPortrait UIInterfaceOrientationLandscapeLeft UIInterfaceOrientationLandscapeRight";
				LD_RUNPATH_SEARCH_PATHS = (
					"$(inherited)",
					"@executable_path/Frameworks",
				);
				MARKETING_VERSION = 1.0;
				PRODUCT_BUNDLE_IDENTIFIER = ame.asu.edu.roomEscape;
				PRODUCT_NAME = "$(TARGET_NAME)";
				SWIFT_EMIT_LOC_STRINGS = YES;
				SWIFT_VERSION = 5.0;
				TARGETED_DEVICE_FAMILY = "1,2";
			};
			name = Debug;
		};
		3F34C252280E04BA00F30ADF /* Release */ = {
			isa = XCBuildConfiguration;
			buildSettings = {
				ASSETCATALOG_COMPILER_APPICON_NAME = AppIcon;
				ASSETCATALOG_COMPILER_GLOBAL_ACCENT_COLOR_NAME = AccentColor;
				CODE_SIGN_STYLE = Automatic;
				CURRENT_PROJECT_VERSION = 1;
				DEVELOPMENT_ASSET_PATHS = "\"roomEscape/Preview Content\"";
				DEVELOPMENT_TEAM = Q6894T7D57;
				ENABLE_PREVIEWS = YES;
				GENERATE_INFOPLIST_FILE = YES;
				INFOPLIST_KEY_UIApplicationSceneManifest_Generation = YES;
				INFOPLIST_KEY_UIApplicationSupportsIndirectInputEvents = YES;
				INFOPLIST_KEY_UILaunchScreen_Generation = YES;
				INFOPLIST_KEY_UISupportedInterfaceOrientations_iPad = "UIInterfaceOrientationPortrait UIInterfaceOrientationPortraitUpsideDown UIInterfaceOrientationLandscapeLeft UIInterfaceOrientationLandscapeRight";
				INFOPLIST_KEY_UISupportedInterfaceOrientations_iPhone = "UIInterfaceOrientationPortrait UIInterfaceOrientationLandscapeLeft UIInterfaceOrientationLandscapeRight";
				LD_RUNPATH_SEARCH_PATHS = (
					"$(inherited)",
					"@executable_path/Frameworks",
				);
				MARKETING_VERSION = 1.0;
				PRODUCT_BUNDLE_IDENTIFIER = ame.asu.edu.roomEscape;
				PRODUCT_NAME = "$(TARGET_NAME)";
				SWIFT_EMIT_LOC_STRINGS = YES;
				SWIFT_VERSION = 5.0;
				TARGETED_DEVICE_FAMILY = "1,2";
			};
			name = Release;
		};
/* End XCBuildConfiguration section */

/* Begin XCConfigurationList section */
		3F34C23D280E04B600F30ADF /* Build configuration list for PBXProject "roomEscape" */ = {
			isa = XCConfigurationList;
			buildConfigurations = (
				3F34C24E280E04BA00F30ADF /* Debug */,
				3F34C24F280E04BA00F30ADF /* Release */,
			);
			defaultConfigurationIsVisible = 0;
			defaultConfigurationName = Release;
		};
		3F34C250280E04BA00F30ADF /* Build configuration list for PBXNativeTarget "roomEscape" */ = {
			isa = XCConfigurationList;
			buildConfigurations = (
				3F34C251280E04BA00F30ADF /* Debug */,
				3F34C252280E04BA00F30ADF /* Release */,
			);
			defaultConfigurationIsVisible = 0;
			defaultConfigurationName = Release;
		};
/* End XCConfigurationList section */
	};
	rootObject = 3F34C23A280E04B600F30ADF /* Project object */;
}
